
Microsoft Visual Studio Solution File, Format Version 12.00
# Visual Studio Version 17
VisualStudioVersion = 17.14.36109.1
MinimumVisualStudioVersion = 10.0.40219.1
Project("{FAE04EC0-301F-11D3-BF4B-00C04F79EFBC}") = "DTR.Infrastructure", "DTR.Infrastructure.csproj", "{5613784E-33DB-42DD-B409-DE46DEBC5F4D}"
EndProject
Project("{FAE04EC0-301F-11D3-BF4B-00C04F79EFBC}") = "DTR.UI", "..\DTR.UI\DTR.UI.csproj", "{07988F78-8F8A-5088-06AB-7F4FA01EB6FC}"
EndProject
Project("{2150E333-8FDC-42A3-9474-1A3956D46DE8}") = "Auth", "Auth", "{02EA681E-C7D8-13C7-8484-4AC65E1B71E8}"
EndProject
Project("{2150E333-8FDC-42A3-9474-1A3956D46DE8}") = "Audit", "Audit", "{BE7B75AC-4BFE-40AC-BC3A-DB1323C0EE5B}"
EndProject
Project("{FAE04EC0-301F-11D3-BF4B-00C04F79EFBC}") = "DTR.Infrastructure.Models", "..\DTR.Infrastructure.Models\DTR.Infrastructure.Models.csproj", "{24393DBF-10B7-4C4E-AF08-0DE7DEB03D43}"
EndProject
Project("{FAE04EC0-301F-11D3-BF4B-00C04F79EFBC}") = "Shared.Contracts", "..\3rd\approval\Shared.Contracts\Shared.Contracts.csproj", "{A6B863AC-4B9D-D5BF-49A2-C0C2BA70BE81}"
EndProject
Project("{FAE04EC0-301F-11D3-BF4B-00C04F79EFBC}") = "Audit", "..\3rd\approval\Audit\Audit.csproj", "{BF051255-C0F4-6740-AE05-99A28A5BB5F9}"
EndProject
Project("{FAE04EC0-301F-11D3-BF4B-00C04F79EFBC}") = "OneLicense", "..\3rd\onelic\ClientLic\OneLincense\OneLicense.csproj", "{D00F7DA3-5440-EEFA-A033-6A22B59B3FBE}"
EndProject
Project("{FAE04EC0-301F-11D3-BF4B-00C04F79EFBC}") = "AuthUI", "..\3rd\gsopos\Common\AuthUI\AuthUI.csproj", "{2A0FE796-2F1F-DE5E-64CE-B554BC306EC4}"
EndProject
Project("{FAE04EC0-301F-11D3-BF4B-00C04F79EFBC}") = "Auth.Domain", "..\3rd\gsopos\Common\Auth.Domain\Auth.Domain.csproj", "{E0A2B793-CAC2-0D33-4713-D662DAD6A90F}"
EndProject
Project("{FAE04EC0-301F-11D3-BF4B-00C04F79EFBC}") = "Auth.Business", "..\3rd\gsopos\Common\Auth.Business\Auth.Business.csproj", "{CA5F888D-330F-6E8B-960E-92CE77C18746}"
EndProject
Project("{FAE04EC0-301F-11D3-BF4B-00C04F79EFBC}") = "Encryption", "..\3rd\gsopos\Common\Encryption\Encryption.csproj", "{12CCD163-12EA-D88B-8FD9-8EF53CB55E14}"
EndProject
Project("{FAE04EC0-301F-11D3-BF4B-00C04F79EFBC}") = "Audit.Models", "..\3rd\approval\Audit.Models\Audit.Models.csproj", "{9FADAE58-BCD2-54B5-90F4-E3E0ED2948AC}"
EndProject
Project("{FAE04EC0-301F-11D3-BF4B-00C04F79EFBC}") = "Onebio", "..\Onebio\Onebio\Onebio.csproj", "{4448457E-6012-4FD8-8437-4449FD6D5B4E}"
EndProject
Project("{FAE04EC0-301F-11D3-BF4B-00C04F79EFBC}") = "sysbk", "..\sysbk\sysbk.csproj", "{74CEE538-D81D-EC77-6AC9-B79BB4C59A74}"
EndProject
Project("{FAE04EC0-301F-11D3-BF4B-00C04F79EFBC}") = "LicenseServer", "..\3rd\onelic\LicenseServer\LicenseServer.csproj", "{A1AEB4A9-0B43-55E5-00CC-F5F2FAE936DA}"
EndProject
Project("{FAE04EC0-301F-11D3-BF4B-00C04F79EFBC}") = "OnePunchLicGen", "..\3rd\onelic\OnePunchLicGen\OnePunchLicGen.csproj", "{19117EE6-CB2E-46B3-AD31-3A98EA6D9D9C}"
EndProject
Project("{FAE04EC0-301F-11D3-BF4B-00C04F79EFBC}") = "DTR.Test", "..\DTR.Test\DTR.Test.csproj", "{D554C148-AB97-4C25-2771-B89150E9ECE8}"
EndProject
Global
	GlobalSection(SolutionConfigurationPlatforms) = preSolution
		Debug|Any CPU = Debug|Any CPU
		Debug|x64 = Debug|x64
		Debug|x86 = Debug|x86
		Release|Any CPU = Release|Any CPU
		Release|x64 = Release|x64
		Release|x86 = Release|x86
	EndGlobalSection
	GlobalSection(ProjectConfigurationPlatforms) = postSolution
		{5613784E-33DB-42DD-B409-DE46DEBC5F4D}.Debug|Any CPU.ActiveCfg = Debug|Any CPU
		{5613784E-33DB-42DD-B409-DE46DEBC5F4D}.Debug|Any CPU.Build.0 = Debug|Any CPU
		{5613784E-33DB-42DD-B409-DE46DEBC5F4D}.Debug|x64.ActiveCfg = Debug|x64
		{5613784E-33DB-42DD-B409-DE46DEBC5F4D}.Debug|x64.Build.0 = Debug|x64
		{5613784E-33DB-42DD-B409-DE46DEBC5F4D}.Debug|x86.ActiveCfg = Debug|x86
		{5613784E-33DB-42DD-B409-DE46DEBC5F4D}.Debug|x86.Build.0 = Debug|x86
		{5613784E-33DB-42DD-B409-DE46DEBC5F4D}.Release|Any CPU.ActiveCfg = Release|Any CPU
		{5613784E-33DB-42DD-B409-DE46DEBC5F4D}.Release|Any CPU.Build.0 = Release|Any CPU
		{5613784E-33DB-42DD-B409-DE46DEBC5F4D}.Release|x64.ActiveCfg = Release|x64
		{5613784E-33DB-42DD-B409-DE46DEBC5F4D}.Release|x64.Build.0 = Release|x64
		{5613784E-33DB-42DD-B409-DE46DEBC5F4D}.Release|x86.ActiveCfg = Release|x86
		{5613784E-33DB-42DD-B409-DE46DEBC5F4D}.Release|x86.Build.0 = Release|x86
		{07988F78-8F8A-5088-06AB-7F4FA01EB6FC}.Debug|Any CPU.ActiveCfg = Debug|Any CPU
		{07988F78-8F8A-5088-06AB-7F4FA01EB6FC}.Debug|Any CPU.Build.0 = Debug|Any CPU
		{07988F78-8F8A-5088-06AB-7F4FA01EB6FC}.Debug|x64.ActiveCfg = Debug|x64
		{07988F78-8F8A-5088-06AB-7F4FA01EB6FC}.Debug|x64.Build.0 = Debug|x64
		{07988F78-8F8A-5088-06AB-7F4FA01EB6FC}.Debug|x86.ActiveCfg = Debug|x86
		{07988F78-8F8A-5088-06AB-7F4FA01EB6FC}.Debug|x86.Build.0 = Debug|x86
		{07988F78-8F8A-5088-06AB-7F4FA01EB6FC}.Release|Any CPU.ActiveCfg = Release|Any CPU
		{07988F78-8F8A-5088-06AB-7F4FA01EB6FC}.Release|Any CPU.Build.0 = Release|Any CPU
		{07988F78-8F8A-5088-06AB-7F4FA01EB6FC}.Release|x64.ActiveCfg = Release|x64
		{07988F78-8F8A-5088-06AB-7F4FA01EB6FC}.Release|x64.Build.0 = Release|x64
		{07988F78-8F8A-5088-06AB-7F4FA01EB6FC}.Release|x86.ActiveCfg = Release|x86
		{07988F78-8F8A-5088-06AB-7F4FA01EB6FC}.Release|x86.Build.0 = Release|x86
		{24393DBF-10B7-4C4E-AF08-0DE7DEB03D43}.Debug|Any CPU.ActiveCfg = Debug|Any CPU
		{24393DBF-10B7-4C4E-AF08-0DE7DEB03D43}.Debug|Any CPU.Build.0 = Debug|Any CPU
		{24393DBF-10B7-4C4E-AF08-0DE7DEB03D43}.Debug|x64.ActiveCfg = Debug|x64
		{24393DBF-10B7-4C4E-AF08-0DE7DEB03D43}.Debug|x64.Build.0 = Debug|x64
		{24393DBF-10B7-4C4E-AF08-0DE7DEB03D43}.Debug|x86.ActiveCfg = Debug|x86
		{24393DBF-10B7-4C4E-AF08-0DE7DEB03D43}.Debug|x86.Build.0 = Debug|x86
		{24393DBF-10B7-4C4E-AF08-0DE7DEB03D43}.Release|Any CPU.ActiveCfg = Release|Any CPU
		{24393DBF-10B7-4C4E-AF08-0DE7DEB03D43}.Release|Any CPU.Build.0 = Release|Any CPU
		{24393DBF-10B7-4C4E-AF08-0DE7DEB03D43}.Release|x64.ActiveCfg = Release|x64
		{24393DBF-10B7-4C4E-AF08-0DE7DEB03D43}.Release|x64.Build.0 = Release|x64
		{24393DBF-10B7-4C4E-AF08-0DE7DEB03D43}.Release|x86.ActiveCfg = Release|Any CPU
		{24393DBF-10B7-4C4E-AF08-0DE7DEB03D43}.Release|x86.Build.0 = Release|Any CPU
		{A6B863AC-4B9D-D5BF-49A2-C0C2BA70BE81}.Debug|Any CPU.ActiveCfg = Debug|Any CPU
		{A6B863AC-4B9D-D5BF-49A2-C0C2BA70BE81}.Debug|Any CPU.Build.0 = Debug|Any CPU
		{A6B863AC-4B9D-D5BF-49A2-C0C2BA70BE81}.Debug|x64.ActiveCfg = Debug|x64
		{A6B863AC-4B9D-D5BF-49A2-C0C2BA70BE81}.Debug|x64.Build.0 = Debug|x64
		{A6B863AC-4B9D-D5BF-49A2-C0C2BA70BE81}.Debug|x86.ActiveCfg = Debug|x86
		{A6B863AC-4B9D-D5BF-49A2-C0C2BA70BE81}.Debug|x86.Build.0 = Debug|x86
		{A6B863AC-4B9D-D5BF-49A2-C0C2BA70BE81}.Release|Any CPU.ActiveCfg = Release|Any CPU
		{A6B863AC-4B9D-D5BF-49A2-C0C2BA70BE81}.Release|Any CPU.Build.0 = Release|Any CPU
		{A6B863AC-4B9D-D5BF-49A2-C0C2BA70BE81}.Release|x64.ActiveCfg = Release|x64
		{A6B863AC-4B9D-D5BF-49A2-C0C2BA70BE81}.Release|x64.Build.0 = Release|x64
		{A6B863AC-4B9D-D5BF-49A2-C0C2BA70BE81}.Release|x86.ActiveCfg = Release|x86
		{A6B863AC-4B9D-D5BF-49A2-C0C2BA70BE81}.Release|x86.Build.0 = Release|x86
		{BF051255-C0F4-6740-AE05-99A28A5BB5F9}.Debug|Any CPU.ActiveCfg = Debug|Any CPU
		{BF051255-C0F4-6740-AE05-99A28A5BB5F9}.Debug|Any CPU.Build.0 = Debug|Any CPU
		{BF051255-C0F4-6740-AE05-99A28A5BB5F9}.Debug|x64.ActiveCfg = Debug|x64
		{BF051255-C0F4-6740-AE05-99A28A5BB5F9}.Debug|x86.ActiveCfg = Debug|Any CPU
		{BF051255-C0F4-6740-AE05-99A28A5BB5F9}.Release|Any CPU.ActiveCfg = Release|Any CPU
		{BF051255-C0F4-6740-AE05-99A28A5BB5F9}.Release|Any CPU.Build.0 = Release|Any CPU
		{BF051255-C0F4-6740-AE05-99A28A5BB5F9}.Release|x64.ActiveCfg = Release|x64
		{BF051255-C0F4-6740-AE05-99A28A5BB5F9}.Release|x86.ActiveCfg = Release|Any CPU
		{D00F7DA3-5440-EEFA-A033-6A22B59B3FBE}.Debug|Any CPU.ActiveCfg = Debug|Any CPU
		{D00F7DA3-5440-EEFA-A033-6A22B59B3FBE}.Debug|Any CPU.Build.0 = Debug|Any CPU
		{D00F7DA3-5440-EEFA-A033-6A22B59B3FBE}.Debug|x64.ActiveCfg = Debug|x64
		{D00F7DA3-5440-EEFA-A033-6A22B59B3FBE}.Debug|x64.Build.0 = Debug|x64
		{D00F7DA3-5440-EEFA-A033-6A22B59B3FBE}.Debug|x86.ActiveCfg = Debug|Any CPU
		{D00F7DA3-5440-EEFA-A033-6A22B59B3FBE}.Debug|x86.Build.0 = Debug|Any CPU
		{D00F7DA3-5440-EEFA-A033-6A22B59B3FBE}.Release|Any CPU.ActiveCfg = Release|Any CPU
		{D00F7DA3-5440-EEFA-A033-6A22B59B3FBE}.Release|Any CPU.Build.0 = Release|Any CPU
		{D00F7DA3-5440-EEFA-A033-6A22B59B3FBE}.Release|x64.ActiveCfg = Release|x64
		{D00F7DA3-5440-EEFA-A033-6A22B59B3FBE}.Release|x64.Build.0 = Release|x64
		{D00F7DA3-5440-EEFA-A033-6A22B59B3FBE}.Release|x86.ActiveCfg = Release|Any CPU
		{D00F7DA3-5440-EEFA-A033-6A22B59B3FBE}.Release|x86.Build.0 = Release|Any CPU
		{2A0FE796-2F1F-DE5E-64CE-B554BC306EC4}.Debug|Any CPU.ActiveCfg = Debug|Any CPU
		{2A0FE796-2F1F-DE5E-64CE-B554BC306EC4}.Debug|Any CPU.Build.0 = Debug|Any CPU
		{2A0FE796-2F1F-DE5E-64CE-B554BC306EC4}.Debug|x64.ActiveCfg = Debug|x64
		{2A0FE796-2F1F-DE5E-64CE-B554BC306EC4}.Debug|x64.Build.0 = Debug|x64
		{2A0FE796-2F1F-DE5E-64CE-B554BC306EC4}.Debug|x86.ActiveCfg = Debug|x86
		{2A0FE796-2F1F-DE5E-64CE-B554BC306EC4}.Debug|x86.Build.0 = Debug|x86
		{2A0FE796-2F1F-DE5E-64CE-B554BC306EC4}.Release|Any CPU.ActiveCfg = Release|Any CPU
		{2A0FE796-2F1F-DE5E-64CE-B554BC306EC4}.Release|Any CPU.Build.0 = Release|Any CPU
		{2A0FE796-2F1F-DE5E-64CE-B554BC306EC4}.Release|x64.ActiveCfg = Release|x64
		{2A0FE796-2F1F-DE5E-64CE-B554BC306EC4}.Release|x64.Build.0 = Release|x64
		{2A0FE796-2F1F-DE5E-64CE-B554BC306EC4}.Release|x86.ActiveCfg = Release|x86
		{2A0FE796-2F1F-DE5E-64CE-B554BC306EC4}.Release|x86.Build.0 = Release|x86
		{E0A2B793-CAC2-0D33-4713-D662DAD6A90F}.Debug|Any CPU.ActiveCfg = Debug|Any CPU
		{E0A2B793-CAC2-0D33-4713-D662DAD6A90F}.Debug|Any CPU.Build.0 = Debug|Any CPU
		{E0A2B793-CAC2-0D33-4713-D662DAD6A90F}.Debug|x64.ActiveCfg = Debug|x64
		{E0A2B793-CAC2-0D33-4713-D662DAD6A90F}.Debug|x64.Build.0 = Debug|x64
		{E0A2B793-CAC2-0D33-4713-D662DAD6A90F}.Debug|x86.ActiveCfg = Debug|x86
		{E0A2B793-CAC2-0D33-4713-D662DAD6A90F}.Debug|x86.Build.0 = Debug|x86
		{E0A2B793-CAC2-0D33-4713-D662DAD6A90F}.Release|Any CPU.ActiveCfg = Release|Any CPU
		{E0A2B793-CAC2-0D33-4713-D662DAD6A90F}.Release|Any CPU.Build.0 = Release|Any CPU
		{E0A2B793-CAC2-0D33-4713-D662DAD6A90F}.Release|x64.ActiveCfg = Release|x64
		{E0A2B793-CAC2-0D33-4713-D662DAD6A90F}.Release|x64.Build.0 = Release|x64
		{E0A2B793-CAC2-0D33-4713-D662DAD6A90F}.Release|x86.ActiveCfg = Release|x86
		{E0A2B793-CAC2-0D33-4713-D662DAD6A90F}.Release|x86.Build.0 = Release|x86
		{CA5F888D-330F-6E8B-960E-92CE77C18746}.Debug|Any CPU.ActiveCfg = Debug|Any CPU
		{CA5F888D-330F-6E8B-960E-92CE77C18746}.Debug|Any CPU.Build.0 = Debug|Any CPU
		{CA5F888D-330F-6E8B-960E-92CE77C18746}.Debug|x64.ActiveCfg = Debug|x64
		{CA5F888D-330F-6E8B-960E-92CE77C18746}.Debug|x64.Build.0 = Debug|x64
		{CA5F888D-330F-6E8B-960E-92CE77C18746}.Debug|x86.ActiveCfg = Debug|x86
		{CA5F888D-330F-6E8B-960E-92CE77C18746}.Debug|x86.Build.0 = Debug|x86
		{CA5F888D-330F-6E8B-960E-92CE77C18746}.Release|Any CPU.ActiveCfg = Release|Any CPU
		{CA5F888D-330F-6E8B-960E-92CE77C18746}.Release|Any CPU.Build.0 = Release|Any CPU
		{CA5F888D-330F-6E8B-960E-92CE77C18746}.Release|x64.ActiveCfg = Release|x64
		{CA5F888D-330F-6E8B-960E-92CE77C18746}.Release|x64.Build.0 = Release|x64
		{CA5F888D-330F-6E8B-960E-92CE77C18746}.Release|x86.ActiveCfg = Release|x86
		{CA5F888D-330F-6E8B-960E-92CE77C18746}.Release|x86.Build.0 = Release|x86
		{12CCD163-12EA-D88B-8FD9-8EF53CB55E14}.Debug|Any CPU.ActiveCfg = Debug|Any CPU
		{12CCD163-12EA-D88B-8FD9-8EF53CB55E14}.Debug|Any CPU.Build.0 = Debug|Any CPU
		{12CCD163-12EA-D88B-8FD9-8EF53CB55E14}.Debug|x64.ActiveCfg = Debug|x64
		{12CCD163-12EA-D88B-8FD9-8EF53CB55E14}.Debug|x64.Build.0 = Debug|x64
		{12CCD163-12EA-D88B-8FD9-8EF53CB55E14}.Debug|x86.ActiveCfg = Debug|x86
		{12CCD163-12EA-D88B-8FD9-8EF53CB55E14}.Debug|x86.Build.0 = Debug|x86
		{12CCD163-12EA-D88B-8FD9-8EF53CB55E14}.Release|Any CPU.ActiveCfg = Release|Any CPU
		{12CCD163-12EA-D88B-8FD9-8EF53CB55E14}.Release|Any CPU.Build.0 = Release|Any CPU
		{12CCD163-12EA-D88B-8FD9-8EF53CB55E14}.Release|x64.ActiveCfg = Release|x64
		{12CCD163-12EA-D88B-8FD9-8EF53CB55E14}.Release|x64.Build.0 = Release|x64
		{12CCD163-12EA-D88B-8FD9-8EF53CB55E14}.Release|x86.ActiveCfg = Release|x86
		{12CCD163-12EA-D88B-8FD9-8EF53CB55E14}.Release|x86.Build.0 = Release|x86
		{9FADAE58-BCD2-54B5-90F4-E3E0ED2948AC}.Debug|Any CPU.ActiveCfg = Debug|Any CPU
		{9FADAE58-BCD2-54B5-90F4-E3E0ED2948AC}.Debug|Any CPU.Build.0 = Debug|Any CPU
		{9FADAE58-BCD2-54B5-90F4-E3E0ED2948AC}.Debug|x64.ActiveCfg = Debug|x64
		{9FADAE58-BCD2-54B5-90F4-E3E0ED2948AC}.Debug|x64.Build.0 = Debug|x64
		{9FADAE58-BCD2-54B5-90F4-E3E0ED2948AC}.Debug|x86.ActiveCfg = Debug|Any CPU
		{9FADAE58-BCD2-54B5-90F4-E3E0ED2948AC}.Debug|x86.Build.0 = Debug|Any CPU
		{9FADAE58-BCD2-54B5-90F4-E3E0ED2948AC}.Release|Any CPU.ActiveCfg = Release|Any CPU
		{9FADAE58-BCD2-54B5-90F4-E3E0ED2948AC}.Release|Any CPU.Build.0 = Release|Any CPU
		{9FADAE58-BCD2-54B5-90F4-E3E0ED2948AC}.Release|x64.ActiveCfg = Release|x64
		{9FADAE58-BCD2-54B5-90F4-E3E0ED2948AC}.Release|x64.Build.0 = Release|x64
		{9FADAE58-BCD2-54B5-90F4-E3E0ED2948AC}.Release|x86.ActiveCfg = Release|Any CPU
		{9FADAE58-BCD2-54B5-90F4-E3E0ED2948AC}.Release|x86.Build.0 = Release|Any CPU
		{4448457E-6012-4FD8-8437-4449FD6D5B4E}.Debug|Any CPU.ActiveCfg = Debug|Any CPU
		{4448457E-6012-4FD8-8437-4449FD6D5B4E}.Debug|Any CPU.Build.0 = Debug|Any CPU
		{4448457E-6012-4FD8-8437-4449FD6D5B4E}.Debug|x64.ActiveCfg = Debug|x64
		{4448457E-6012-4FD8-8437-4449FD6D5B4E}.Debug|x64.Build.0 = Debug|x64
		{4448457E-6012-4FD8-8437-4449FD6D5B4E}.Debug|x86.ActiveCfg = Debug|x86
		{4448457E-6012-4FD8-8437-4449FD6D5B4E}.Debug|x86.Build.0 = Debug|x86
		{4448457E-6012-4FD8-8437-4449FD6D5B4E}.Release|Any CPU.ActiveCfg = Release|Any CPU
		{4448457E-6012-4FD8-8437-4449FD6D5B4E}.Release|Any CPU.Build.0 = Release|Any CPU
		{4448457E-6012-4FD8-8437-4449FD6D5B4E}.Release|x64.ActiveCfg = Release|x64
		{4448457E-6012-4FD8-8437-4449FD6D5B4E}.Release|x64.Build.0 = Release|x64
		{4448457E-6012-4FD8-8437-4449FD6D5B4E}.Release|x86.ActiveCfg = Release|x86
		{4448457E-6012-4FD8-8437-4449FD6D5B4E}.Release|x86.Build.0 = Release|x86
		{74CEE538-D81D-EC77-6AC9-B79BB4C59A74}.Debug|Any CPU.ActiveCfg = Debug|Any CPU
		{74CEE538-D81D-EC77-6AC9-B79BB4C59A74}.Debug|Any CPU.Build.0 = Debug|Any CPU
		{74CEE538-D81D-EC77-6AC9-B79BB4C59A74}.Debug|x64.ActiveCfg = Debug|x64
		{74CEE538-D81D-EC77-6AC9-B79BB4C59A74}.Debug|x64.Build.0 = Debug|x64
		{74CEE538-D81D-EC77-6AC9-B79BB4C59A74}.Debug|x86.ActiveCfg = Debug|x86
		{74CEE538-D81D-EC77-6AC9-B79BB4C59A74}.Debug|x86.Build.0 = Debug|x86
		{74CEE538-D81D-EC77-6AC9-B79BB4C59A74}.Release|Any CPU.ActiveCfg = Release|Any CPU
		{74CEE538-D81D-EC77-6AC9-B79BB4C59A74}.Release|Any CPU.Build.0 = Release|Any CPU
		{74CEE538-D81D-EC77-6AC9-B79BB4C59A74}.Release|x64.ActiveCfg = Release|x64
		{74CEE538-D81D-EC77-6AC9-B79BB4C59A74}.Release|x64.Build.0 = Release|x64
		{74CEE538-D81D-EC77-6AC9-B79BB4C59A74}.Release|x86.ActiveCfg = Release|x86
		{74CEE538-D81D-EC77-6AC9-B79BB4C59A74}.Release|x86.Build.0 = Release|x86
		{A1AEB4A9-0B43-55E5-00CC-F5F2FAE936DA}.Debug|Any CPU.ActiveCfg = Debug|Any CPU
		{A1AEB4A9-0B43-55E5-00CC-F5F2FAE936DA}.Debug|Any CPU.Build.0 = Debug|Any CPU
		{A1AEB4A9-0B43-55E5-00CC-F5F2FAE936DA}.Debug|x64.ActiveCfg = Debug|x64
		{A1AEB4A9-0B43-55E5-00CC-F5F2FAE936DA}.Debug|x64.Build.0 = Debug|x64
		{A1AEB4A9-0B43-55E5-00CC-F5F2FAE936DA}.Debug|x86.ActiveCfg = Debug|x86
		{A1AEB4A9-0B43-55E5-00CC-F5F2FAE936DA}.Debug|x86.Build.0 = Debug|x86
		{A1AEB4A9-0B43-55E5-00CC-F5F2FAE936DA}.Release|Any CPU.ActiveCfg = Release|Any CPU
		{A1AEB4A9-0B43-55E5-00CC-F5F2FAE936DA}.Release|Any CPU.Build.0 = Release|Any CPU
		{A1AEB4A9-0B43-55E5-00CC-F5F2FAE936DA}.Release|x64.ActiveCfg = Release|x64
		{A1AEB4A9-0B43-55E5-00CC-F5F2FAE936DA}.Release|x64.Build.0 = Release|x64
		{A1AEB4A9-0B43-55E5-00CC-F5F2FAE936DA}.Release|x86.ActiveCfg = Release|x86
		{A1AEB4A9-0B43-55E5-00CC-F5F2FAE936DA}.Release|x86.Build.0 = Release|x86
		{19117EE6-CB2E-46B3-AD31-3A98EA6D9D9C}.Debug|Any CPU.ActiveCfg = Debug|Any CPU
		{19117EE6-CB2E-46B3-AD31-3A98EA6D9D9C}.Debug|Any CPU.Build.0 = Debug|Any CPU
		{19117EE6-CB2E-46B3-AD31-3A98EA6D9D9C}.Debug|x64.ActiveCfg = Debug|x64
		{19117EE6-CB2E-46B3-AD31-3A98EA6D9D9C}.Debug|x64.Build.0 = Debug|x64
		{19117EE6-CB2E-46B3-AD31-3A98EA6D9D9C}.Debug|x86.ActiveCfg = Debug|x86
		{19117EE6-CB2E-46B3-AD31-3A98EA6D9D9C}.Debug|x86.Build.0 = Debug|x86
		{19117EE6-CB2E-46B3-AD31-3A98EA6D9D9C}.Release|Any CPU.ActiveCfg = Release|Any CPU
		{19117EE6-CB2E-46B3-AD31-3A98EA6D9D9C}.Release|Any CPU.Build.0 = Release|Any CPU
		{19117EE6-CB2E-46B3-AD31-3A98EA6D9D9C}.Release|x64.ActiveCfg = Release|x64
		{19117EE6-CB2E-46B3-AD31-3A98EA6D9D9C}.Release|x64.Build.0 = Release|x64
		{19117EE6-CB2E-46B3-AD31-3A98EA6D9D9C}.Release|x86.ActiveCfg = Release|x86
		{19117EE6-CB2E-46B3-AD31-3A98EA6D9D9C}.Release|x86.Build.0 = Release|x86
		{D554C148-AB97-4C25-2771-B89150E9ECE8}.Debug|Any CPU.ActiveCfg = Debug|Any CPU
		{D554C148-AB97-4C25-2771-B89150E9ECE8}.Debug|Any CPU.Build.0 = Debug|Any CPU
		{D554C148-AB97-4C25-2771-B89150E9ECE8}.Debug|x64.ActiveCfg = Debug|x64
		{D554C148-AB97-4C25-2771-B89150E9ECE8}.Debug|x64.Build.0 = Debug|x64
		{D554C148-AB97-4C25-2771-B89150E9ECE8}.Debug|x86.ActiveCfg = Debug|x86
		{D554C148-AB97-4C25-2771-B89150E9ECE8}.Debug|x86.Build.0 = Debug|x86
		{D554C148-AB97-4C25-2771-B89150E9ECE8}.Release|Any CPU.ActiveCfg = Release|Any CPU
		{D554C148-AB97-4C25-2771-B89150E9ECE8}.Release|Any CPU.Build.0 = Release|Any CPU
		{D554C148-AB97-4C25-2771-B89150E9ECE8}.Release|x64.ActiveCfg = Release|x64
		{D554C148-AB97-4C25-2771-B89150E9ECE8}.Release|x64.Build.0 = Release|x64
		{D554C148-AB97-4C25-2771-B89150E9ECE8}.Release|x86.ActiveCfg = Release|x86
		{D554C148-AB97-4C25-2771-B89150E9ECE8}.Release|x86.Build.0 = Release|x86
	EndGlobalSection
	GlobalSection(SolutionProperties) = preSolution
		HideSolutionNode = FALSE
	EndGlobalSection
	GlobalSection(NestedProjects) = preSolution
		{A6B863AC-4B9D-D5BF-49A2-C0C2BA70BE81} = {BE7B75AC-4BFE-40AC-BC3A-DB1323C0EE5B}
		{BF051255-C0F4-6740-AE05-99A28A5BB5F9} = {BE7B75AC-4BFE-40AC-BC3A-DB1323C0EE5B}
		{2A0FE796-2F1F-DE5E-64CE-B554BC306EC4} = {02EA681E-C7D8-13C7-8484-4AC65E1B71E8}
		{E0A2B793-CAC2-0D33-4713-D662DAD6A90F} = {02EA681E-C7D8-13C7-8484-4AC65E1B71E8}
		{CA5F888D-330F-6E8B-960E-92CE77C18746} = {02EA681E-C7D8-13C7-8484-4AC65E1B71E8}
		{12CCD163-12EA-D88B-8FD9-8EF53CB55E14} = {02EA681E-C7D8-13C7-8484-4AC65E1B71E8}
		{9FADAE58-BCD2-54B5-90F4-E3E0ED2948AC} = {BE7B75AC-4BFE-40AC-BC3A-DB1323C0EE5B}
	EndGlobalSection
	GlobalSection(ExtensibilityGlobals) = postSolution
		SolutionGuid = {B72FDB77-D70D-48D0-B385-8B768296A555}
	EndGlobalSection
EndGlobal
